
Microsoft Visual Studio Solution File, Format Version 12.00
# Visual Studio Version 16
VisualStudioVersion = 25.0.1706.9
MinimumVisualStudioVersion = 10.0.40219.1
Project("{FAE04EC0-301F-11D3-BF4B-00C04F79EFBC}") = "movies-project-api", "movies-project-api.csproj", "{79847CF7-16A2-49BA-8D0B-B7A1347168BD}"
EndProject
Global
	GlobalSection(SolutionConfigurationPlatforms) = preSolution
		Debug|Any CPU = Debug|Any CPU
		Release|Any CPU = Release|Any CPU
	EndGlobalSection
	GlobalSection(ProjectConfigurationPlatforms) = postSolution
		{79847CF7-16A2-49BA-8D0B-B7A1347168BD}.Debug|Any CPU.ActiveCfg = Debug|Any CPU
		{79847CF7-16A2-49BA-8D0B-B7A1347168BD}.Debug|Any CPU.Build.0 = Debug|Any CPU
		{79847CF7-16A2-49BA-8D0B-B7A1347168BD}.Release|Any CPU.ActiveCfg = Release|Any CPU
		{79847CF7-16A2-49BA-8D0B-B7A1347168BD}.Release|Any CPU.Build.0 = Release|Any CPU
	EndGlobalSection
	GlobalSection(SolutionProperties) = preSolution
		HideSolutionNode = FALSE
	EndGlobalSection
	GlobalSection(ExtensibilityGlobals) = postSolution
		SolutionGuid = {08242109-DC42-463A-BDC0-F6C7F363F275}
	EndGlobalSection
EndGlobal
